
Microsoft Visual Studio Solution File, Format Version 12.00
# Visual Studio 2013
VisualStudioVersion = 12.0.21005.1
MinimumVisualStudioVersion = 10.0.40219.1
Project("{F184B08F-C81C-45F6-A57F-5ABD9991F28F}") = "aplicacionkike", "aplicacionkike\aplicacionkike.vbproj", "{72BE83B5-0FEC-4219-911C-5F6247EF48DB}"
EndProject
Project("{F184B08F-C81C-45F6-A57F-5ABD9991F28F}") = "CODIGO_FACILITO", "..\CODIGO_FACILITO\CODIGO_FACILITO\CODIGO_FACILITO.vbproj", "{34D050C5-B654-43A4-A988-671B4660870E}"
EndProject
Global
	GlobalSection(SolutionConfigurationPlatforms) = preSolution
		Debug|Any CPU = Debug|Any CPU
		Release|Any CPU = Release|Any CPU
	EndGlobalSection
	GlobalSection(ProjectConfigurationPlatforms) = postSolution
		{72BE83B5-0FEC-4219-911C-5F6247EF48DB}.Debug|Any CPU.ActiveCfg = Debug|Any CPU
		{72BE83B5-0FEC-4219-911C-5F6247EF48DB}.Debug|Any CPU.Build.0 = Debug|Any CPU
		{72BE83B5-0FEC-4219-911C-5F6247EF48DB}.Release|Any CPU.ActiveCfg = Release|Any CPU
		{72BE83B5-0FEC-4219-911C-5F6247EF48DB}.Release|Any CPU.Build.0 = Release|Any CPU
		{34D050C5-B654-43A4-A988-671B4660870E}.Debug|Any CPU.ActiveCfg = Debug|Any CPU
		{34D050C5-B654-43A4-A988-671B4660870E}.Debug|Any CPU.Build.0 = Debug|Any CPU
		{34D050C5-B654-43A4-A988-671B4660870E}.Release|Any CPU.ActiveCfg = Release|Any CPU
		{34D050C5-B654-43A4-A988-671B4660870E}.Release|Any CPU.Build.0 = Release|Any CPU
	EndGlobalSection
	GlobalSection(SolutionProperties) = preSolution
		HideSolutionNode = FALSE
	EndGlobalSection
EndGlobal
